hash: ac7a79073135dcdf11b72031d11340278ebc3f0cd77657bb47e9653cfb0b619d
updated: 2017-09-22T14:21:22.829199541+07:00
imports:
- name: github.com/goline/errors
  version: a1b767724212627965d8d9bd228b5a2bdb1a19b4
- name: github.com/pkg/errors
  version: 645ef00459ed84a119197bfb8d8205042c6df63d
testImports: []
