hash: ac7a79073135dcdf11b72031d11340278ebc3f0cd77657bb47e9653cfb0b619d
updated: 2017-09-22T21:58:29.371812785+07:00
imports:
- name: github.com/goline/errors
  version: b2371c4c8b19799de259df6fde97621d1b42a059
- name: github.com/pkg/errors
  version: 645ef00459ed84a119197bfb8d8205042c6df63d
testImports: []
